// !$*UTF8*$!
{
	archiveVersion = 1;
	classes = {
	};
	objectVersion = 63;
	objects = {

/* Begin PBXBuildFile section */
		2B0000010000000000000001 /* DoReMiPaletteApp.swift in Sources */ = {isa = PBXBuildFile; fileRef = 2B0000010000000000001011 /* DoReMiPaletteApp.swift */; };
		2B0000010000000000000002 /* AppRootView.swift in Sources */ = {isa = PBXBuildFile; fileRef = 2B0000010000000000001012 /* AppRootView.swift */; };
		2B0000010000000000000003 /* Features/ScorePractice/PaletteScoreLoader.swift in Sources */ = {isa = PBXBuildFile; fileRef = 2B0000010000000000001013 /* Features/ScorePractice/PaletteScoreLoader.swift */; };
		2B0000010000000000000004 /* Features/ScorePractice/PalettePlaybackCursor.swift in Sources */ = {isa = PBXBuildFile; fileRef = 2B0000010000000000001014 /* Features/ScorePractice/PalettePlaybackCursor.swift */; };
		2B0000010000000000000005 /* Features/ScorePractice/PaletteScoreSession.swift in Sources */ = {isa = PBXBuildFile; fileRef = 2B0000010000000000001015 /* Features/ScorePractice/PaletteScoreSession.swift */; };
		2B0000010000000000000006 /* Features/ScorePractice/PaletteStyleFactory.swift in Sources */ = {isa = PBXBuildFile; fileRef = 2B0000010000000000001016 /* Features/ScorePractice/PaletteStyleFactory.swift */; };
		2B0000010000000000000007 /* Features/ScorePractice/ScorePracticeView.swift in Sources */ = {isa = PBXBuildFile; fileRef = 2B0000010000000000001017 /* Features/ScorePractice/ScorePracticeView.swift */; };
		2B0000010000000000000008 /* Features/ScorePractice/PaletteSettingsView.swift in Sources */ = {isa = PBXBuildFile; fileRef = 2B0000010000000000001018 /* Features/ScorePractice/PaletteSettingsView.swift */; };
		2B0000010000000000000009 /* Features/Diagnostics/DiagnosticsPanel.swift in Sources */ = {isa = PBXBuildFile; fileRef = 2B0000010000000000001019 /* Features/Diagnostics/DiagnosticsPanel.swift */; };
		2B000001000000000000000A /* Features/Keyboard/KeyboardPitchMapper.swift in Sources */ = {isa = PBXBuildFile; fileRef = 2B000001000000000000101A /* Features/Keyboard/KeyboardPitchMapper.swift */; };
		2B000001000000000000000B /* Features/Keyboard/KeyboardView.swift in Sources */ = {isa = PBXBuildFile; fileRef = 2B000001000000000000101B /* Features/Keyboard/KeyboardView.swift */; };
		2B000001000000000000000C /* Resources/Samples/phase12_sample.musicxml in Resources */ = {isa = PBXBuildFile; fileRef = 2B000001000000000000101C /* Resources/Samples/phase12_sample.musicxml */; };
		2B000001000000000000000D /* DoReMiRendererKit in Frameworks */ = {isa = PBXBuildFile; productRef = 2B0000010000000000000041 /* DoReMiRendererKit */; };
		2B000001000000000000000E /* PaletteScoreLoaderTests.swift in Sources */ = {isa = PBXBuildFile; fileRef = 2B000001000000000000101D /* PaletteScoreLoaderTests.swift */; };
		2B000001000000000000000F /* KeyboardPitchMapperTests.swift in Sources */ = {isa = PBXBuildFile; fileRef = 2B000001000000000000101E /* KeyboardPitchMapperTests.swift */; };
		2B0000010000000000000010 /* Features/Library/PaletteLibrary.swift in Sources */ = {isa = PBXBuildFile; fileRef = 2B0000010000000000001020 /* Features/Library/PaletteLibrary.swift */; };
		2B0000010000000000000011 /* Features/Library/LibraryPanel.swift in Sources */ = {isa = PBXBuildFile; fileRef = 2B0000010000000000001021 /* Features/Library/LibraryPanel.swift */; };
		2B0000010000000000000012 /* Assets.xcassets in Resources */ = {isa = PBXBuildFile; fileRef = 2B0000010000000000001022 /* Assets.xcassets */; };
		2B0000010000000000000013 /* Features/Playback/PalettePlaybackState.swift in Sources */ = {isa = PBXBuildFile; fileRef = 2B0000010000000000001023 /* Features/Playback/PalettePlaybackState.swift */; };
		2B0000010000000000000014 /* Features/Playback/PalettePlaybackRuntime.swift in Sources */ = {isa = PBXBuildFile; fileRef = 2B0000010000000000001024 /* Features/Playback/PalettePlaybackRuntime.swift */; };
		2B0000010000000000000015 /* Features/Playback/Audio/PaletteAudioEngine.swift in Sources */ = {isa = PBXBuildFile; fileRef = 2B0000010000000000001025 /* Features/Playback/Audio/PaletteAudioEngine.swift */; };
		2B0000010000000000000016 /* Features/Playback/Audio/SimpleToneAudioEngine.swift in Sources */ = {isa = PBXBuildFile; fileRef = 2B0000010000000000001026 /* Features/Playback/Audio/SimpleToneAudioEngine.swift */; };
		2B0000010000000000000017 /* PalettePlaybackRuntimeTests.swift in Sources */ = {isa = PBXBuildFile; fileRef = 2B0000010000000000001027 /* PalettePlaybackRuntimeTests.swift */; };
		2B0000010000000000000018 /* Resources/Samples/rhythm_values_sample.musicxml in Resources */ = {isa = PBXBuildFile; fileRef = 2B0000010000000000001028 /* Resources/Samples/rhythm_values_sample.musicxml */; };
		2B0000010000000000000019 /* Resources/Samples/notation_coverage_grand_staff.musicxml in Resources */ = {isa = PBXBuildFile; fileRef = 2B0000010000000000001029 /* Resources/Samples/notation_coverage_grand_staff.musicxml */; };
		2B000001000000000000001A /* Resources/Samples/s6_notation_refinement_grand_staff.musicxml in Resources */ = {isa = PBXBuildFile; fileRef = 2B000001000000000000102A /* Resources/Samples/s6_notation_refinement_grand_staff.musicxml */; };
		2B000001000000000000001B /* Resources/Samples/s7_repeat_playback_sample.musicxml in Resources */ = {isa = PBXBuildFile; fileRef = 2B000001000000000000102B /* Resources/Samples/s7_repeat_playback_sample.musicxml */; };
		2B000001000000000000001C /* Resources/Samples/s8_repeat_endings_sample.musicxml in Resources */ = {isa = PBXBuildFile; fileRef = 2B000001000000000000102C /* Resources/Samples/s8_repeat_endings_sample.musicxml */; };
		2B000001000000000000001D /* Resources/Samples/s9_repeat_visuals_sample.musicxml in Resources */ = {isa = PBXBuildFile; fileRef = 2B000001000000000000102D /* Resources/Samples/s9_repeat_visuals_sample.musicxml */; };
		2B00000100000000000000A1 /* Resources/Samples/s10_dc_fine_sample.musicxml in Resources */ = {isa = PBXBuildFile; fileRef = 2B000001000000000000102E /* Resources/Samples/s10_dc_fine_sample.musicxml */; };
		2B00000100000000000000A2 /* Resources/Samples/s10_ds_fine_sample.musicxml in Resources */ = {isa = PBXBuildFile; fileRef = 2B000001000000000000102F /* Resources/Samples/s10_ds_fine_sample.musicxml */; };
		2B00000100000000000000A3 /* Resources/Samples/s10_dc_coda_sample.musicxml in Resources */ = {isa = PBXBuildFile; fileRef = 2B0000010000000000001030 /* Resources/Samples/s10_dc_coda_sample.musicxml */; };
		2B00000100000000000000A4 /* Resources/Samples/s10_ds_coda_sample.musicxml in Resources */ = {isa = PBXBuildFile; fileRef = 2B0000010000000000001031 /* Resources/Samples/s10_ds_coda_sample.musicxml */; };
		2B00000100000000000000A5 /* Resources/Samples/s10_repeat_diagnostics_sample.musicxml in Resources */ = {isa = PBXBuildFile; fileRef = 2B0000010000000000001032 /* Resources/Samples/s10_repeat_diagnostics_sample.musicxml */; };
		2B00000100000000000000A6 /* Resources/Samples/s10_all_repeat_symbols_sample.musicxml in Resources */ = {isa = PBXBuildFile; fileRef = 2B0000010000000000001033 /* Resources/Samples/s10_all_repeat_symbols_sample.musicxml */; };
		2B00000100000000000000F0 /* DoReMiRendererKit in Frameworks */ = {isa = PBXBuildFile; productRef = 2B0000010000000000000041 /* DoReMiRendererKit */; };
/* End PBXBuildFile section */

/* Begin PBXContainerItemProxy section */
		2B0000010000000000000054 /* PBXContainerItemProxy */ = {
			isa = PBXContainerItemProxy;
			containerPortal = 2B0000010000000000000051 /* Project object */;
			proxyType = 1;
			remoteGlobalIDString = 2B0000010000000000000050;
			remoteInfo = DoReMiPalette;
		};
/* End PBXContainerItemProxy section */

/* Begin PBXFileReference section */
		2B0000010000000000001010 /* DoReMiPalette.app */ = {isa = PBXFileReference; explicitFileType = wrapper.application; includeInIndex = 0; path = DoReMiPalette.app; sourceTree = BUILT_PRODUCTS_DIR; };
		2B0000010000000000001011 /* DoReMiPaletteApp.swift */ = {isa = PBXFileReference; lastKnownFileType = sourcecode.swift; path = DoReMiPaletteApp.swift; sourceTree = "<group>"; };
		2B0000010000000000001012 /* AppRootView.swift */ = {isa = PBXFileReference; lastKnownFileType = sourcecode.swift; path = AppRootView.swift; sourceTree = "<group>"; };
		2B0000010000000000001013 /* Features/ScorePractice/PaletteScoreLoader.swift */ = {isa = PBXFileReference; lastKnownFileType = sourcecode.swift; path = Features/ScorePractice/PaletteScoreLoader.swift; sourceTree = "<group>"; };
		2B0000010000000000001014 /* Features/ScorePractice/PalettePlaybackCursor.swift */ = {isa = PBXFileReference; lastKnownFileType = sourcecode.swift; path = Features/ScorePractice/PalettePlaybackCursor.swift; sourceTree = "<group>"; };
		2B0000010000000000001015 /* Features/ScorePractice/PaletteScoreSession.swift */ = {isa = PBXFileReference; lastKnownFileType = sourcecode.swift; path = Features/ScorePractice/PaletteScoreSession.swift; sourceTree = "<group>"; };
		2B0000010000000000001016 /* Features/ScorePractice/PaletteStyleFactory.swift */ = {isa = PBXFileReference; lastKnownFileType = sourcecode.swift; path = Features/ScorePractice/PaletteStyleFactory.swift; sourceTree = "<group>"; };
		2B0000010000000000001017 /* Features/ScorePractice/ScorePracticeView.swift */ = {isa = PBXFileReference; lastKnownFileType = sourcecode.swift; path = Features/ScorePractice/ScorePracticeView.swift; sourceTree = "<group>"; };
		2B0000010000000000001018 /* Features/ScorePractice/PaletteSettingsView.swift */ = {isa = PBXFileReference; lastKnownFileType = sourcecode.swift; path = Features/ScorePractice/PaletteSettingsView.swift; sourceTree = "<group>"; };
		2B0000010000000000001019 /* Features/Diagnostics/DiagnosticsPanel.swift */ = {isa = PBXFileReference; lastKnownFileType = sourcecode.swift; path = Features/Diagnostics/DiagnosticsPanel.swift; sourceTree = "<group>"; };
		2B000001000000000000101A /* Features/Keyboard/KeyboardPitchMapper.swift */ = {isa = PBXFileReference; lastKnownFileType = sourcecode.swift; path = Features/Keyboard/KeyboardPitchMapper.swift; sourceTree = "<group>"; };
		2B000001000000000000101B /* Features/Keyboard/KeyboardView.swift */ = {isa = PBXFileReference; lastKnownFileType = sourcecode.swift; path = Features/Keyboard/KeyboardView.swift; sourceTree = "<group>"; };
		2B000001000000000000101C /* Resources/Samples/phase12_sample.musicxml */ = {isa = PBXFileReference; lastKnownFileType = text.xml; path = Resources/Samples/phase12_sample.musicxml; sourceTree = "<group>"; };
		2B000001000000000000101D /* PaletteScoreLoaderTests.swift */ = {isa = PBXFileReference; lastKnownFileType = sourcecode.swift; path = PaletteScoreLoaderTests.swift; sourceTree = "<group>"; };
		2B000001000000000000101E /* KeyboardPitchMapperTests.swift */ = {isa = PBXFileReference; lastKnownFileType = sourcecode.swift; path = KeyboardPitchMapperTests.swift; sourceTree = "<group>"; };
		2B000001000000000000101F /* DoReMiPaletteTests.xctest */ = {isa = PBXFileReference; explicitFileType = wrapper.cfbundle; includeInIndex = 0; path = DoReMiPaletteTests.xctest; sourceTree = BUILT_PRODUCTS_DIR; };
		2B0000010000000000001020 /* Features/Library/PaletteLibrary.swift */ = {isa = PBXFileReference; lastKnownFileType = sourcecode.swift; path = Features/Library/PaletteLibrary.swift; sourceTree = "<group>"; };
		2B0000010000000000001021 /* Features/Library/LibraryPanel.swift */ = {isa = PBXFileReference; lastKnownFileType = sourcecode.swift; path = Features/Library/LibraryPanel.swift; sourceTree = "<group>"; };
		2B0000010000000000001022 /* Assets.xcassets */ = {isa = PBXFileReference; lastKnownFileType = folder.assetcatalog; path = Assets.xcassets; sourceTree = "<group>"; };
		2B0000010000000000001023 /* Features/Playback/PalettePlaybackState.swift */ = {isa = PBXFileReference; lastKnownFileType = sourcecode.swift; path = Features/Playback/PalettePlaybackState.swift; sourceTree = "<group>"; };
		2B0000010000000000001024 /* Features/Playback/PalettePlaybackRuntime.swift */ = {isa = PBXFileReference; lastKnownFileType = sourcecode.swift; path = Features/Playback/PalettePlaybackRuntime.swift; sourceTree = "<group>"; };
		2B0000010000000000001025 /* Features/Playback/Audio/PaletteAudioEngine.swift */ = {isa = PBXFileReference; lastKnownFileType = sourcecode.swift; path = Features/Playback/Audio/PaletteAudioEngine.swift; sourceTree = "<group>"; };
		2B0000010000000000001026 /* Features/Playback/Audio/SimpleToneAudioEngine.swift */ = {isa = PBXFileReference; lastKnownFileType = sourcecode.swift; path = Features/Playback/Audio/SimpleToneAudioEngine.swift; sourceTree = "<group>"; };
		2B0000010000000000001027 /* PalettePlaybackRuntimeTests.swift */ = {isa = PBXFileReference; lastKnownFileType = sourcecode.swift; path = PalettePlaybackRuntimeTests.swift; sourceTree = "<group>"; };
		2B0000010000000000001028 /* Resources/Samples/rhythm_values_sample.musicxml */ = {isa = PBXFileReference; lastKnownFileType = text.xml; path = Resources/Samples/rhythm_values_sample.musicxml; sourceTree = "<group>"; };
		2B0000010000000000001029 /* Resources/Samples/notation_coverage_grand_staff.musicxml */ = {isa = PBXFileReference; lastKnownFileType = text.xml; path = Resources/Samples/notation_coverage_grand_staff.musicxml; sourceTree = "<group>"; };
		2B000001000000000000102A /* Resources/Samples/s6_notation_refinement_grand_staff.musicxml */ = {isa = PBXFileReference; lastKnownFileType = text.xml; path = Resources/Samples/s6_notation_refinement_grand_staff.musicxml; sourceTree = "<group>"; };
		2B000001000000000000102B /* Resources/Samples/s7_repeat_playback_sample.musicxml */ = {isa = PBXFileReference; lastKnownFileType = text.xml; path = Resources/Samples/s7_repeat_playback_sample.musicxml; sourceTree = "<group>"; };
		2B000001000000000000102C /* Resources/Samples/s8_repeat_endings_sample.musicxml */ = {isa = PBXFileReference; lastKnownFileType = text.xml; path = Resources/Samples/s8_repeat_endings_sample.musicxml; sourceTree = "<group>"; };
		2B000001000000000000102D /* Resources/Samples/s9_repeat_visuals_sample.musicxml */ = {isa = PBXFileReference; lastKnownFileType = text.xml; path = Resources/Samples/s9_repeat_visuals_sample.musicxml; sourceTree = "<group>"; };
		2B000001000000000000102E /* Resources/Samples/s10_dc_fine_sample.musicxml */ = {isa = PBXFileReference; lastKnownFileType = text.xml; path = Resources/Samples/s10_dc_fine_sample.musicxml; sourceTree = "<group>"; };
		2B000001000000000000102F /* Resources/Samples/s10_ds_fine_sample.musicxml */ = {isa = PBXFileReference; lastKnownFileType = text.xml; path = Resources/Samples/s10_ds_fine_sample.musicxml; sourceTree = "<group>"; };
		2B0000010000000000001030 /* Resources/Samples/s10_dc_coda_sample.musicxml */ = {isa = PBXFileReference; lastKnownFileType = text.xml; path = Resources/Samples/s10_dc_coda_sample.musicxml; sourceTree = "<group>"; };
		2B0000010000000000001031 /* Resources/Samples/s10_ds_coda_sample.musicxml */ = {isa = PBXFileReference; lastKnownFileType = text.xml; path = Resources/Samples/s10_ds_coda_sample.musicxml; sourceTree = "<group>"; };
		2B0000010000000000001032 /* Resources/Samples/s10_repeat_diagnostics_sample.musicxml */ = {isa = PBXFileReference; lastKnownFileType = text.xml; path = Resources/Samples/s10_repeat_diagnostics_sample.musicxml; sourceTree = "<group>"; };
		2B0000010000000000001033 /* Resources/Samples/s10_all_repeat_symbols_sample.musicxml */ = {isa = PBXFileReference; lastKnownFileType = text.xml; path = Resources/Samples/s10_all_repeat_symbols_sample.musicxml; sourceTree = "<group>"; };
/* End PBXFileReference section */

/* Begin PBXFrameworksBuildPhase section */
		2B0000010000000000000021 /* Frameworks */ = {
			isa = PBXFrameworksBuildPhase;
			buildActionMask = 2147483647;
			files = (
				2B000001000000000000000D /* DoReMiRendererKit in Frameworks */,
			);
			runOnlyForDeploymentPostprocessing = 0;
		};
		2B0000010000000000000024 /* Frameworks */ = {
			isa = PBXFrameworksBuildPhase;
			buildActionMask = 2147483647;
			files = (
				2B00000100000000000000F0 /* DoReMiRendererKit in Frameworks */,
			);
			runOnlyForDeploymentPostprocessing = 0;
		};
/* End PBXFrameworksBuildPhase section */

/* Begin PBXGroup section */
		2B0000010000000000000030 = {
			isa = PBXGroup;
			children = (
				2B0000010000000000000031 /* DoReMiPalette */,
				2B0000010000000000000033 /* DoReMiPaletteTests */,
				2B0000010000000000000032 /* Products */,
			);
			sourceTree = "<group>";
		};
		2B0000010000000000000031 /* DoReMiPalette */ = {
			isa = PBXGroup;
			children = (
				2B0000010000000000001011 /* DoReMiPaletteApp.swift */,
				2B0000010000000000001012 /* AppRootView.swift */,
				2B0000010000000000001013 /* Features/ScorePractice/PaletteScoreLoader.swift */,
				2B0000010000000000001014 /* Features/ScorePractice/PalettePlaybackCursor.swift */,
				2B0000010000000000001015 /* Features/ScorePractice/PaletteScoreSession.swift */,
				2B0000010000000000001016 /* Features/ScorePractice/PaletteStyleFactory.swift */,
				2B0000010000000000001017 /* Features/ScorePractice/ScorePracticeView.swift */,
				2B0000010000000000001018 /* Features/ScorePractice/PaletteSettingsView.swift */,
				2B0000010000000000001019 /* Features/Diagnostics/DiagnosticsPanel.swift */,
				2B000001000000000000101A /* Features/Keyboard/KeyboardPitchMapper.swift */,
				2B000001000000000000101B /* Features/Keyboard/KeyboardView.swift */,
				2B0000010000000000001020 /* Features/Library/PaletteLibrary.swift */,
				2B0000010000000000001021 /* Features/Library/LibraryPanel.swift */,
				2B0000010000000000001023 /* Features/Playback/PalettePlaybackState.swift */,
				2B0000010000000000001024 /* Features/Playback/PalettePlaybackRuntime.swift */,
				2B0000010000000000001025 /* Features/Playback/Audio/PaletteAudioEngine.swift */,
				2B0000010000000000001026 /* Features/Playback/Audio/SimpleToneAudioEngine.swift */,
				2B0000010000000000001022 /* Assets.xcassets */,
				2B000001000000000000101C /* Resources/Samples/phase12_sample.musicxml */,
				2B0000010000000000001028 /* Resources/Samples/rhythm_values_sample.musicxml */,
				2B0000010000000000001029 /* Resources/Samples/notation_coverage_grand_staff.musicxml */,
				2B000001000000000000102A /* Resources/Samples/s6_notation_refinement_grand_staff.musicxml */,
				2B000001000000000000102B /* Resources/Samples/s7_repeat_playback_sample.musicxml */,
				2B000001000000000000102C /* Resources/Samples/s8_repeat_endings_sample.musicxml */,
				2B000001000000000000102D /* Resources/Samples/s9_repeat_visuals_sample.musicxml */,
				2B000001000000000000102E /* Resources/Samples/s10_dc_fine_sample.musicxml */,
				2B000001000000000000102F /* Resources/Samples/s10_ds_fine_sample.musicxml */,
				2B0000010000000000001030 /* Resources/Samples/s10_dc_coda_sample.musicxml */,
				2B0000010000000000001031 /* Resources/Samples/s10_ds_coda_sample.musicxml */,
				2B0000010000000000001032 /* Resources/Samples/s10_repeat_diagnostics_sample.musicxml */,
				2B0000010000000000001033 /* Resources/Samples/s10_all_repeat_symbols_sample.musicxml */,
			);
			path = DoReMiPalette;
			sourceTree = "<group>";
		};
		2B0000010000000000000032 /* Products */ = {
			isa = PBXGroup;
			children = (
				2B0000010000000000001010 /* DoReMiPalette.app */,
				2B000001000000000000101F /* DoReMiPaletteTests.xctest */,
			);
			name = Products;
			sourceTree = "<group>";
		};
		2B0000010000000000000033 /* DoReMiPaletteTests */ = {
			isa = PBXGroup;
			children = (
				2B000001000000000000101D /* PaletteScoreLoaderTests.swift */,
				2B000001000000000000101E /* KeyboardPitchMapperTests.swift */,
				2B0000010000000000001027 /* PalettePlaybackRuntimeTests.swift */,
			);
			path = DoReMiPaletteTests;
			sourceTree = "<group>";
		};
/* End PBXGroup section */

/* Begin PBXNativeTarget section */
		2B0000010000000000000050 /* DoReMiPalette */ = {
			isa = PBXNativeTarget;
			buildConfigurationList = 2B0000010000000000000060 /* Build configuration list for PBXNativeTarget "DoReMiPalette" */;
			buildPhases = (
				2B0000010000000000000020 /* Sources */,
				2B0000010000000000000021 /* Frameworks */,
				2B0000010000000000000022 /* Resources */,
			);
			buildRules = (
			);
			dependencies = (
			);
			name = DoReMiPalette;
			packageProductDependencies = (
				2B0000010000000000000041 /* DoReMiRendererKit */,
			);
			productName = DoReMiPalette;
			productReference = 2B0000010000000000001010 /* DoReMiPalette.app */;
			productType = "com.apple.product-type.application";
		};
		2B0000010000000000000052 /* DoReMiPaletteTests */ = {
			isa = PBXNativeTarget;
			buildConfigurationList = 2B0000010000000000000062 /* Build configuration list for PBXNativeTarget "DoReMiPaletteTests" */;
			buildPhases = (
				2B0000010000000000000023 /* Sources */,
				2B0000010000000000000024 /* Frameworks */,
				2B0000010000000000000025 /* Resources */,
			);
			buildRules = (
			);
			dependencies = (
				2B0000010000000000000053 /* PBXTargetDependency */,
			);
			name = DoReMiPaletteTests;
			packageProductDependencies = (
				2B0000010000000000000041 /* DoReMiRendererKit */,
			);
			productName = DoReMiPaletteTests;
			productReference = 2B000001000000000000101F /* DoReMiPaletteTests.xctest */;
			productType = "com.apple.product-type.bundle.unit-test";
		};
/* End PBXNativeTarget section */

/* Begin PBXProject section */
		2B0000010000000000000051 /* Project object */ = {
			isa = PBXProject;
			attributes = {
				BuildIndependentTargetsInParallel = 1;
				LastSwiftUpdateCheck = 1640;
				LastUpgradeCheck = 1640;
				TargetAttributes = {
					2B0000010000000000000050 = {
						CreatedOnToolsVersion = 16.4;
					};
					2B0000010000000000000052 = {
						CreatedOnToolsVersion = 16.4;
						TestTargetID = 2B0000010000000000000050;
					};
				};
			};
			buildConfigurationList = 2B0000010000000000000061 /* Build configuration list for PBXProject "DoReMiPalette" */;
			compatibilityVersion = "Xcode 15.0";
			developmentRegion = en;
			hasScannedForEncodings = 0;
			knownRegions = (
				en,
				Base,
			);
			mainGroup = 2B0000010000000000000030;
			minimizedProjectReferenceProxies = 1;
			packageReferences = (
				2B0000010000000000000040 /* XCLocalSwiftPackageReference "../../" */,
			);
			productRefGroup = 2B0000010000000000000032 /* Products */;
			projectDirPath = "";
			projectRoot = "";
			targets = (
				2B0000010000000000000050 /* DoReMiPalette */,
				2B0000010000000000000052 /* DoReMiPaletteTests */,
			);
		};
/* End PBXProject section */

/* Begin PBXResourcesBuildPhase section */
		2B0000010000000000000022 /* Resources */ = {
			isa = PBXResourcesBuildPhase;
			buildActionMask = 2147483647;
			files = (
				2B0000010000000000000012 /* Assets.xcassets in Resources */,
				2B000001000000000000000C /* Resources/Samples/phase12_sample.musicxml in Resources */,
				2B0000010000000000000018 /* Resources/Samples/rhythm_values_sample.musicxml in Resources */,
				2B0000010000000000000019 /* Resources/Samples/notation_coverage_grand_staff.musicxml in Resources */,
				2B000001000000000000001A /* Resources/Samples/s6_notation_refinement_grand_staff.musicxml in Resources */,
				2B000001000000000000001B /* Resources/Samples/s7_repeat_playback_sample.musicxml in Resources */,
				2B000001000000000000001C /* Resources/Samples/s8_repeat_endings_sample.musicxml in Resources */,
				2B000001000000000000001D /* Resources/Samples/s9_repeat_visuals_sample.musicxml in Resources */,
				2B00000100000000000000A1 /* Resources/Samples/s10_dc_fine_sample.musicxml in Resources */,
				2B00000100000000000000A2 /* Resources/Samples/s10_ds_fine_sample.musicxml in Resources */,
				2B00000100000000000000A3 /* Resources/Samples/s10_dc_coda_sample.musicxml in Resources */,
				2B00000100000000000000A4 /* Resources/Samples/s10_ds_coda_sample.musicxml in Resources */,
				2B00000100000000000000A5 /* Resources/Samples/s10_repeat_diagnostics_sample.musicxml in Resources */,
				2B00000100000000000000A6 /* Resources/Samples/s10_all_repeat_symbols_sample.musicxml in Resources */,
			);
			runOnlyForDeploymentPostprocessing = 0;
		};
		2B0000010000000000000025 /* Resources */ = {
			isa = PBXResourcesBuildPhase;
			buildActionMask = 2147483647;
			files = (
			);
			runOnlyForDeploymentPostprocessing = 0;
		};
/* End PBXResourcesBuildPhase section */

/* Begin PBXSourcesBuildPhase section */
		2B0000010000000000000020 /* Sources */ = {
			isa = PBXSourcesBuildPhase;
			buildActionMask = 2147483647;
			files = (
				2B0000010000000000000001 /* DoReMiPaletteApp.swift in Sources */,
				2B0000010000000000000002 /* AppRootView.swift in Sources */,
				2B0000010000000000000003 /* Features/ScorePractice/PaletteScoreLoader.swift in Sources */,
				2B0000010000000000000004 /* Features/ScorePractice/PalettePlaybackCursor.swift in Sources */,
				2B0000010000000000000005 /* Features/ScorePractice/PaletteScoreSession.swift in Sources */,
				2B0000010000000000000006 /* Features/ScorePractice/PaletteStyleFactory.swift in Sources */,
				2B0000010000000000000007 /* Features/ScorePractice/ScorePracticeView.swift in Sources */,
				2B0000010000000000000008 /* Features/ScorePractice/PaletteSettingsView.swift in Sources */,
				2B0000010000000000000009 /* Features/Diagnostics/DiagnosticsPanel.swift in Sources */,
				2B000001000000000000000A /* Features/Keyboard/KeyboardPitchMapper.swift in Sources */,
				2B000001000000000000000B /* Features/Keyboard/KeyboardView.swift in Sources */,
				2B0000010000000000000010 /* Features/Library/PaletteLibrary.swift in Sources */,
				2B0000010000000000000011 /* Features/Library/LibraryPanel.swift in Sources */,
				2B0000010000000000000013 /* Features/Playback/PalettePlaybackState.swift in Sources */,
				2B0000010000000000000014 /* Features/Playback/PalettePlaybackRuntime.swift in Sources */,
				2B0000010000000000000015 /* Features/Playback/Audio/PaletteAudioEngine.swift in Sources */,
				2B0000010000000000000016 /* Features/Playback/Audio/SimpleToneAudioEngine.swift in Sources */,
			);
			runOnlyForDeploymentPostprocessing = 0;
		};
		2B0000010000000000000023 /* Sources */ = {
			isa = PBXSourcesBuildPhase;
			buildActionMask = 2147483647;
			files = (
				2B000001000000000000000E /* PaletteScoreLoaderTests.swift in Sources */,
				2B000001000000000000000F /* KeyboardPitchMapperTests.swift in Sources */,
				2B0000010000000000000017 /* PalettePlaybackRuntimeTests.swift in Sources */,
			);
			runOnlyForDeploymentPostprocessing = 0;
		};
/* End PBXSourcesBuildPhase section */

/* Begin PBXTargetDependency section */
		2B0000010000000000000053 /* PBXTargetDependency */ = {
			isa = PBXTargetDependency;
			target = 2B0000010000000000000050 /* DoReMiPalette */;
			targetProxy = 2B0000010000000000000054 /* PBXContainerItemProxy */;
		};
/* End PBXTargetDependency section */

/* Begin XCBuildConfiguration section */
		2B0000010000000000000070 /* Debug */ = {
			isa = XCBuildConfiguration;
			buildSettings = {
				ALWAYS_SEARCH_USER_PATHS = NO;
				CLANG_ENABLE_MODULES = YES;
				CODE_SIGNING_ALLOWED = NO;
				COPY_PHASE_STRIP = NO;
				DEBUG_INFORMATION_FORMAT = dwarf;
				ENABLE_TESTABILITY = YES;
				GCC_OPTIMIZATION_LEVEL = 0;
				IPHONEOS_DEPLOYMENT_TARGET = 17.0;
				ONLY_ACTIVE_ARCH = YES;
				SDKROOT = iphoneos;
				SWIFT_ACTIVE_COMPILATION_CONDITIONS = DEBUG;
			};
			name = Debug;
		};
		2B0000010000000000000071 /* Release */ = {
			isa = XCBuildConfiguration;
			buildSettings = {
				ALWAYS_SEARCH_USER_PATHS = NO;
				CLANG_ENABLE_MODULES = YES;
				CODE_SIGNING_ALLOWED = NO;
				COPY_PHASE_STRIP = NO;
				DEBUG_INFORMATION_FORMAT = "dwarf-with-dsym";
				ENABLE_NS_ASSERTIONS = NO;
				IPHONEOS_DEPLOYMENT_TARGET = 17.0;
				SDKROOT = iphoneos;
				SWIFT_COMPILATION_MODE = wholemodule;
				VALIDATE_PRODUCT = YES;
			};
			name = Release;
		};
		2B0000010000000000000072 /* Debug */ = {
			isa = XCBuildConfiguration;
			buildSettings = {
				ASSETCATALOG_COMPILER_APPICON_NAME = AppIcon;
				CODE_SIGN_IDENTITY = "Apple Development";
				CODE_SIGNING_ALLOWED = YES;
				CODE_SIGNING_REQUIRED = YES;
				CODE_SIGN_STYLE = Automatic;
				CURRENT_PROJECT_VERSION = 1;
				DEVELOPMENT_TEAM = 5ZTY6QA87P;
				GENERATE_INFOPLIST_FILE = YES;
				INFOPLIST_KEY_CFBundleDisplayName = "DoReMi Palette";
				INFOPLIST_KEY_UIApplicationSceneManifest_Generation = YES;
				INFOPLIST_KEY_UIApplicationSupportsIndirectInputEvents = YES;
				INFOPLIST_KEY_UILaunchScreen_Generation = YES;
				INFOPLIST_KEY_UISupportedInterfaceOrientations_iPad = "UIInterfaceOrientationPortrait UIInterfaceOrientationLandscapeLeft UIInterfaceOrientationLandscapeRight";
				INFOPLIST_KEY_UISupportedInterfaceOrientations_iPhone = "UIInterfaceOrientationPortrait UIInterfaceOrientationLandscapeLeft UIInterfaceOrientationLandscapeRight";
				IPHONEOS_DEPLOYMENT_TARGET = 17.0;
				LD_RUNPATH_SEARCH_PATHS = (
					"$(inherited)",
					"@executable_path/Frameworks",
				);
				MARKETING_VERSION = 0.1;
				PRODUCT_BUNDLE_IDENTIFIER = com.doremipalette.app;
				PRODUCT_NAME = "$(TARGET_NAME)";
				PROVISIONING_PROFILE_SPECIFIER = "";
				SUPPORTED_PLATFORMS = "iphoneos iphonesimulator";
				SUPPORTS_MACCATALYST = NO;
				SWIFT_EMIT_LOC_STRINGS = YES;
				SWIFT_VERSION = 6.0;
				TARGETED_DEVICE_FAMILY = "1,2";
			};
			name = Debug;
		};
		2B0000010000000000000073 /* Release */ = {
			isa = XCBuildConfiguration;
			buildSettings = {
				ASSETCATALOG_COMPILER_APPICON_NAME = AppIcon;
				CODE_SIGN_IDENTITY = "Apple Development";
				CODE_SIGNING_ALLOWED = YES;
				CODE_SIGNING_REQUIRED = YES;
				CODE_SIGN_STYLE = Automatic;
				CURRENT_PROJECT_VERSION = 1;
				DEVELOPMENT_TEAM = 5ZTY6QA87P;
				GENERATE_INFOPLIST_FILE = YES;
				INFOPLIST_KEY_CFBundleDisplayName = "DoReMi Palette";
				INFOPLIST_KEY_UIApplicationSceneManifest_Generation = YES;
				INFOPLIST_KEY_UIApplicationSupportsIndirectInputEvents = YES;
				INFOPLIST_KEY_UILaunchScreen_Generation = YES;
				INFOPLIST_KEY_UISupportedInterfaceOrientations_iPad = "UIInterfaceOrientationPortrait UIInterfaceOrientationLandscapeLeft UIInterfaceOrientationLandscapeRight";
				INFOPLIST_KEY_UISupportedInterfaceOrientations_iPhone = "UIInterfaceOrientationPortrait UIInterfaceOrientationLandscapeLeft UIInterfaceOrientationLandscapeRight";
				IPHONEOS_DEPLOYMENT_TARGET = 17.0;
				LD_RUNPATH_SEARCH_PATHS = (
					"$(inherited)",
					"@executable_path/Frameworks",
				);
				MARKETING_VERSION = 0.1;
				PRODUCT_BUNDLE_IDENTIFIER = com.doremipalette.app;
				PRODUCT_NAME = "$(TARGET_NAME)";
				PROVISIONING_PROFILE_SPECIFIER = "";
				SUPPORTED_PLATFORMS = "iphoneos iphonesimulator";
				SUPPORTS_MACCATALYST = NO;
				SWIFT_EMIT_LOC_STRINGS = YES;
				SWIFT_VERSION = 6.0;
				TARGETED_DEVICE_FAMILY = "1,2";
			};
			name = Release;
		};
		2B0000010000000000000074 /* Debug */ = {
			isa = XCBuildConfiguration;
			buildSettings = {
				BUNDLE_LOADER = "$(TEST_HOST)";
				CODE_SIGNING_ALLOWED = NO;
				CODE_SIGNING_REQUIRED = NO;
				CODE_SIGN_STYLE = Automatic;
				DEVELOPMENT_TEAM = "";
				GENERATE_INFOPLIST_FILE = YES;
				IPHONEOS_DEPLOYMENT_TARGET = 17.0;
				LD_RUNPATH_SEARCH_PATHS = (
					"$(inherited)",
					"@executable_path/Frameworks",
					"@loader_path/Frameworks",
				);
				PRODUCT_BUNDLE_IDENTIFIER = com.doremipalette.app.tests;
				PRODUCT_NAME = "$(TARGET_NAME)";
				SDKROOT = iphoneos;
				SUPPORTED_PLATFORMS = "iphoneos iphonesimulator";
				SUPPORTS_MACCATALYST = NO;
				SWIFT_EMIT_LOC_STRINGS = NO;
				SWIFT_VERSION = 6.0;
				TARGETED_DEVICE_FAMILY = "1,2";
				TEST_HOST = "$(BUILT_PRODUCTS_DIR)/DoReMiPalette.app/$(BUNDLE_EXECUTABLE_FOLDER_PATH)/DoReMiPalette";
			};
			name = Debug;
		};
		2B0000010000000000000075 /* Release */ = {
			isa = XCBuildConfiguration;
			buildSettings = {
				BUNDLE_LOADER = "$(TEST_HOST)";
				CODE_SIGNING_ALLOWED = NO;
				CODE_SIGNING_REQUIRED = NO;
				CODE_SIGN_STYLE = Automatic;
				DEVELOPMENT_TEAM = "";
				GENERATE_INFOPLIST_FILE = YES;
				IPHONEOS_DEPLOYMENT_TARGET = 17.0;
				LD_RUNPATH_SEARCH_PATHS = (
					"$(inherited)",
					"@executable_path/Frameworks",
					"@loader_path/Frameworks",
				);
				PRODUCT_BUNDLE_IDENTIFIER = com.doremipalette.app.tests;
				PRODUCT_NAME = "$(TARGET_NAME)";
				SDKROOT = iphoneos;
				SUPPORTED_PLATFORMS = "iphoneos iphonesimulator";
				SUPPORTS_MACCATALYST = NO;
				SWIFT_EMIT_LOC_STRINGS = NO;
				SWIFT_VERSION = 6.0;
				TARGETED_DEVICE_FAMILY = "1,2";
				TEST_HOST = "$(BUILT_PRODUCTS_DIR)/DoReMiPalette.app/$(BUNDLE_EXECUTABLE_FOLDER_PATH)/DoReMiPalette";
			};
			name = Release;
		};
/* End XCBuildConfiguration section */

/* Begin XCConfigurationList section */
		2B0000010000000000000060 /* Build configuration list for PBXNativeTarget "DoReMiPalette" */ = {
			isa = XCConfigurationList;
			buildConfigurations = (
				2B0000010000000000000072 /* Debug */,
				2B0000010000000000000073 /* Release */,
			);
			defaultConfigurationIsVisible = 0;
			defaultConfigurationName = Debug;
		};
		2B0000010000000000000061 /* Build configuration list for PBXProject "DoReMiPalette" */ = {
			isa = XCConfigurationList;
			buildConfigurations = (
				2B0000010000000000000070 /* Debug */,
				2B0000010000000000000071 /* Release */,
			);
			defaultConfigurationIsVisible = 0;
			defaultConfigurationName = Debug;
		};
		2B0000010000000000000062 /* Build configuration list for PBXNativeTarget "DoReMiPaletteTests" */ = {
			isa = XCConfigurationList;
			buildConfigurations = (
				2B0000010000000000000074 /* Debug */,
				2B0000010000000000000075 /* Release */,
			);
			defaultConfigurationIsVisible = 0;
			defaultConfigurationName = Debug;
		};
/* End XCConfigurationList section */

/* Begin XCLocalSwiftPackageReference section */
		2B0000010000000000000040 /* XCLocalSwiftPackageReference "../../" */ = {
			isa = XCLocalSwiftPackageReference;
			relativePath = ../../;
		};
/* End XCLocalSwiftPackageReference section */

/* Begin XCSwiftPackageProductDependency section */
		2B0000010000000000000041 /* DoReMiRendererKit */ = {
			isa = XCSwiftPackageProductDependency;
			package = 2B0000010000000000000040 /* XCLocalSwiftPackageReference "../../" */;
			productName = DoReMiRendererKit;
		};
/* End XCSwiftPackageProductDependency section */
	};
	rootObject = 2B0000010000000000000051 /* Project object */;
}
